
Microsoft Visual Studio Solution File, Format Version 12.00
# Visual Studio Version 16
VisualStudioVersion = 16.0.32002.261
MinimumVisualStudioVersion = 10.0.40219.1
Project("{8BC9CEB8-8B4A-11D0-8D11-00A0C91BC942}") = "CIS129_Lab6_Q2", "CIS129_Lab6_Q2\CIS129_Lab6_Q2.vcxproj", "{6F838167-1DD7-4ABF-9AB8-9C95F53648BB}"
EndProject
Global
	GlobalSection(SolutionConfigurationPlatforms) = preSolution
		Debug|x64 = Debug|x64
		Debug|x86 = Debug|x86
		Release|x64 = Release|x64
		Release|x86 = Release|x86
	EndGlobalSection
	GlobalSection(ProjectConfigurationPlatforms) = postSolution
		{6F838167-1DD7-4ABF-9AB8-9C95F53648BB}.Debug|x64.ActiveCfg = Debug|x64
		{6F838167-1DD7-4ABF-9AB8-9C95F53648BB}.Debug|x64.Build.0 = Debug|x64
		{6F838167-1DD7-4ABF-9AB8-9C95F53648BB}.Debug|x86.ActiveCfg = Debug|Win32
		{6F838167-1DD7-4ABF-9AB8-9C95F53648BB}.Debug|x86.Build.0 = Debug|Win32
		{6F838167-1DD7-4ABF-9AB8-9C95F53648BB}.Release|x64.ActiveCfg = Release|x64
		{6F838167-1DD7-4ABF-9AB8-9C95F53648BB}.Release|x64.Build.0 = Release|x64
		{6F838167-1DD7-4ABF-9AB8-9C95F53648BB}.Release|x86.ActiveCfg = Release|Win32
		{6F838167-1DD7-4ABF-9AB8-9C95F53648BB}.Release|x86.Build.0 = Release|Win32
	EndGlobalSection
	GlobalSection(SolutionProperties) = preSolution
		HideSolutionNode = FALSE
	EndGlobalSection
	GlobalSection(ExtensibilityGlobals) = postSolution
		SolutionGuid = {46F5A909-332C-46FD-8DF4-E6A3B952E301}
	EndGlobalSection
EndGlobal
