
Microsoft Visual Studio Solution File, Format Version 12.00
# Visual Studio Version 16
VisualStudioVersion = 16.0.32002.261
MinimumVisualStudioVersion = 10.0.40219.1
Project("{8BC9CEB8-8B4A-11D0-8D11-00A0C91BC942}") = "ConsoleApplication_Lecture1", "ConsoleApplication_Lecture1\ConsoleApplication_Lecture1.vcxproj", "{ABE7E004-1BF0-4334-81FE-427E9AF304C8}"
EndProject
Global
	GlobalSection(SolutionConfigurationPlatforms) = preSolution
		Debug|x64 = Debug|x64
		Debug|x86 = Debug|x86
		Release|x64 = Release|x64
		Release|x86 = Release|x86
	EndGlobalSection
	GlobalSection(ProjectConfigurationPlatforms) = postSolution
		{ABE7E004-1BF0-4334-81FE-427E9AF304C8}.Debug|x64.ActiveCfg = Debug|x64
		{ABE7E004-1BF0-4334-81FE-427E9AF304C8}.Debug|x64.Build.0 = Debug|x64
		{ABE7E004-1BF0-4334-81FE-427E9AF304C8}.Debug|x86.ActiveCfg = Debug|Win32
		{ABE7E004-1BF0-4334-81FE-427E9AF304C8}.Debug|x86.Build.0 = Debug|Win32
		{ABE7E004-1BF0-4334-81FE-427E9AF304C8}.Release|x64.ActiveCfg = Release|x64
		{ABE7E004-1BF0-4334-81FE-427E9AF304C8}.Release|x64.Build.0 = Release|x64
		{ABE7E004-1BF0-4334-81FE-427E9AF304C8}.Release|x86.ActiveCfg = Release|Win32
		{ABE7E004-1BF0-4334-81FE-427E9AF304C8}.Release|x86.Build.0 = Release|Win32
	EndGlobalSection
	GlobalSection(SolutionProperties) = preSolution
		HideSolutionNode = FALSE
	EndGlobalSection
	GlobalSection(ExtensibilityGlobals) = postSolution
		SolutionGuid = {8FC22C1F-B3CC-4D68-BEE0-0E5ABCE6C0D4}
	EndGlobalSection
EndGlobal
